{
  "name": "adn-player-instance",
  "version": "1.0.0",
  "lockfileVersion": 3,
  "requires": true,
  "packages": {
    "": {
      "name": "adn-player-instance",
      "version": "1.0.0",
      "license": "AGPL-3.0-or-later",
      "dependencies": {
        "discovery-media-player": "0.1.58"
      },
      "engines": {
        "node": ">=20"
      }
    },
    "node_modules/discovery-media-player": {
      "version": "0.1.58",
      "resolved": "https://registry.npmjs.org/discovery-media-player/-/discovery-media-player-0.1.58.tgz",
      "integrity": "sha512-+bMxo1u6fywijWDJfjX6SimiVOc+lC26bcIp7o8lWeOvd+E+3NARqMRhiMohBHIK0PVHm2gEXO9eUUraF0gvcw==",
      "license": "AGPL-3.0-or-later",
      "bin": {
        "discovery-media-player": "bin/serve.js"
      },
      "engines": {
        "node": ">=22"
      }
    }
  }
}
