{
  "name": "adn-player-instance",
  "version": "1.0.0",
  "lockfileVersion": 3,
  "requires": true,
  "packages": {
    "": {
      "name": "adn-player-instance",
      "version": "1.0.0",
      "license": "AGPL-3.0-or-later",
      "dependencies": {
        "discovery-media-player": "0.1.6"
      },
      "engines": {
        "node": ">=20"
      }
    },
    "node_modules/discovery-media-player": {
      "version": "0.1.6",
      "resolved": "https://registry.npmjs.org/discovery-media-player/-/discovery-media-player-0.1.6.tgz",
      "integrity": "sha512-e8V+6OxlnfZkxRnvuCBuV0ITkP6m8U0qy/Z3FM3S7j9ZmV3weH9whKLJIr0bskjqrvBsnSdXYAv1U9Sd7puPjw==",
      "license": "AGPL-3.0-or-later",
      "bin": {
        "discovery-media-player": "bin/serve.js"
      },
      "engines": {
        "node": ">=18"
      }
    }
  }
}
