{
  "name": "adn-player-instance",
  "version": "1.0.0",
  "lockfileVersion": 3,
  "requires": true,
  "packages": {
    "": {
      "name": "adn-player-instance",
      "version": "1.0.0",
      "license": "AGPL-3.0-or-later",
      "dependencies": {
        "discovery-media-player": "0.1.38"
      },
      "engines": {
        "node": ">=20"
      }
    },
    "node_modules/discovery-media-player": {
      "version": "0.1.38",
      "resolved": "https://registry.npmjs.org/discovery-media-player/-/discovery-media-player-0.1.38.tgz",
      "integrity": "sha512-QPRq0V68Lu8mpwQBHO5TajQr9VMznXLPynxOKK+73xt75oDDqOinlIy9+kX+AP4uY/SqA+KO9pgs+u8xVSgxQQ==",
      "license": "AGPL-3.0-or-later",
      "bin": {
        "discovery-media-player": "bin/serve.js"
      },
      "engines": {
        "node": ">=22"
      }
    }
  }
}
